lockfileVersion: '9.0'

settings:
  autoInstallPeers: true
  excludeLinksFromLockfile: false

importers:

  .:
    dependencies:
      form-data:
        specifier: 0.0.10
        version: 0.0.10
      mime:
        specifier: 1.2.11
        version: 1.2.11

packages:

  async@0.2.10:
    resolution: {integrity: sha512-eAkdoKxU6/LkKDBzLpT+t6Ff5EtfSF4wx1WfJiPEEV7WNLnDaRXk0oVysiEPm262roaachGexwUv94WhSgN5TQ==}

  combined-stream@0.0.7:
    resolution: {integrity: sha512-qfexlmLp9MyrkajQVyjEDb0Vj+KhRgR/rxLiVhaihlT+ZkX0lReqtH6Ack40CvMDERR4b5eFp3CreskpBs1Pig==}
    engines: {node: '>= 0.8'}

  delayed-stream@0.0.5:
    resolution: {integrity: sha512-v+7uBd1pqe5YtgPacIIbZ8HuHeLFVNe4mUEyFDXL6KiqzEykjbw+5mXZXpGFgNVasdL4jWKgaKIXrEHiynN1LA==}
    engines: {node: '>=0.4.0'}

  form-data@0.0.10:
    resolution: {integrity: sha512-Z9/PpT/agxXi80nMpOH6GFD7XOr6mwk5aWMxDt/KMY+Nm7e4FnRMjddM4/mLPJhpmp6alY1F/1JQpRE6z07xng==}
    engines: {node: '>= 0.6'}

  mime@1.2.11:
    resolution: {integrity: sha512-Ysa2F/nqTNGHhhm9MV8ure4+Hc+Y8AWiqUdHxsO7xu8zc92ND9f3kpALHjaP026Ft17UfxrMt95c50PLUeynBw==}

snapshots:

  async@0.2.10: {}

  combined-stream@0.0.7:
    dependencies:
      delayed-stream: 0.0.5

  delayed-stream@0.0.5: {}

  form-data@0.0.10:
    dependencies:
      async: 0.2.10
      combined-stream: 0.0.7
      mime: 1.2.11

  mime@1.2.11: {}
