lockfileVersion: '9.0'

settings:
  autoInstallPeers: true
  excludeLinksFromLockfile: false

importers:

  .:
    dependencies:
      jquery:
        specifier: 1.11.3
        version: 1.11.3

packages:

  jquery@1.11.3:
    resolution: {integrity: sha512-pHM/XLofp0FJc0/0AsRm8q/5ob+a1kno+vfclXGozaMBPv3qD7Xq19loECVcBB4MOLdygnyneQMPTsH5QiVNBQ==}
    deprecated: This version is deprecated. Please upgrade to the latest version or find support at https://www.herodevs.com/support/jquery-nes.

snapshots:

  jquery@1.11.3: {}
