lockfileVersion: '9.0'

settings:
  autoInstallPeers: true
  excludeLinksFromLockfile: false

importers:

  .:
    dependencies:
      jquery:
        specifier: 2.1.3
        version: 2.1.3

packages:

  jquery@2.1.3:
    resolution: {integrity: sha512-1thSX0P6ZEPXU9fYrJD+lHbG4K3dYj8cNG+vZA/sFvSOgvkd55MOj5c79slivyLwPCeTYoHlRP4uMzPgUgpITQ==}
    deprecated: This version is deprecated. Please upgrade to the latest version or find support at https://www.herodevs.com/support/jquery-nes.

snapshots:

  jquery@2.1.3: {}
